
Microsoft Visual Studio Solution File, Format Version 12.00
# Visual Studio Version 16
VisualStudioVersion = 16.0.30104.148
MinimumVisualStudioVersion = 10.0.40219.1
Project("{9A19103F-16F7-4668-BE54-9A1E7A4F7556}") = "Practic", "Practic.csproj", "{0655AC80-E7D6-4071-8A36-CB5B80EB0835}"
EndProject
Project("{9A19103F-16F7-4668-BE54-9A1E7A4F7556}") = "HomeWork", "..\HomeWork\HomeWork\HomeWork.csproj", "{51523E1B-09D7-4A98-B0B4-5F7C12D6EC56}"
EndProject
Global
	GlobalSection(SolutionConfigurationPlatforms) = preSolution
		Debug|Any CPU = Debug|Any CPU
		Release|Any CPU = Release|Any CPU
	EndGlobalSection
	GlobalSection(ProjectConfigurationPlatforms) = postSolution
		{0655AC80-E7D6-4071-8A36-CB5B80EB0835}.Debug|Any CPU.ActiveCfg = Debug|Any CPU
		{0655AC80-E7D6-4071-8A36-CB5B80EB0835}.Debug|Any CPU.Build.0 = Debug|Any CPU
		{0655AC80-E7D6-4071-8A36-CB5B80EB0835}.Release|Any CPU.ActiveCfg = Release|Any CPU
		{0655AC80-E7D6-4071-8A36-CB5B80EB0835}.Release|Any CPU.Build.0 = Release|Any CPU
		{51523E1B-09D7-4A98-B0B4-5F7C12D6EC56}.Debug|Any CPU.ActiveCfg = Debug|Any CPU
		{51523E1B-09D7-4A98-B0B4-5F7C12D6EC56}.Debug|Any CPU.Build.0 = Debug|Any CPU
		{51523E1B-09D7-4A98-B0B4-5F7C12D6EC56}.Release|Any CPU.ActiveCfg = Release|Any CPU
		{51523E1B-09D7-4A98-B0B4-5F7C12D6EC56}.Release|Any CPU.Build.0 = Release|Any CPU
	EndGlobalSection
	GlobalSection(SolutionProperties) = preSolution
		HideSolutionNode = FALSE
	EndGlobalSection
	GlobalSection(ExtensibilityGlobals) = postSolution
		SolutionGuid = {14A49464-15CD-405B-AA62-4B0B19551939}
	EndGlobalSection
EndGlobal
